
Microsoft Visual Studio Solution File, Format Version 12.00
# Visual Studio 2013
VisualStudioVersion = 12.0.31101.0
MinimumVisualStudioVersion = 10.0.40219.1
Project("{FAE04EC0-301F-11D3-BF4B-00C04F79EFBC}") = "Objektdatabas", "Objektdatabas\Objektdatabas.csproj", "{5950269A-5DD3-416B-88F8-94938E81C30F}"
EndProject
Project("{FAE04EC0-301F-11D3-BF4B-00C04F79EFBC}") = "Webbapplikation", "Webbapplikation\Webbapplikation.csproj", "{DCEBD528-8ADB-4454-BAAD-BA26A9398A76}"
EndProject
Global
	GlobalSection(SolutionConfigurationPlatforms) = preSolution
		Debug|Any CPU = Debug|Any CPU
		Release|Any CPU = Release|Any CPU
	EndGlobalSection
	GlobalSection(ProjectConfigurationPlatforms) = postSolution
		{5950269A-5DD3-416B-88F8-94938E81C30F}.Debug|Any CPU.ActiveCfg = Debug|Any CPU
		{5950269A-5DD3-416B-88F8-94938E81C30F}.Debug|Any CPU.Build.0 = Debug|Any CPU
		{5950269A-5DD3-416B-88F8-94938E81C30F}.Release|Any CPU.ActiveCfg = Release|Any CPU
		{5950269A-5DD3-416B-88F8-94938E81C30F}.Release|Any CPU.Build.0 = Release|Any CPU
		{DCEBD528-8ADB-4454-BAAD-BA26A9398A76}.Debug|Any CPU.ActiveCfg = Debug|Any CPU
		{DCEBD528-8ADB-4454-BAAD-BA26A9398A76}.Debug|Any CPU.Build.0 = Debug|Any CPU
		{DCEBD528-8ADB-4454-BAAD-BA26A9398A76}.Release|Any CPU.ActiveCfg = Release|Any CPU
		{DCEBD528-8ADB-4454-BAAD-BA26A9398A76}.Release|Any CPU.Build.0 = Release|Any CPU
	EndGlobalSection
	GlobalSection(SolutionProperties) = preSolution
		HideSolutionNode = FALSE
	EndGlobalSection
EndGlobal
